
Microsoft Visual Studio Solution File, Format Version 12.00
Project("{FAE04EC0-301F-11D3-BF4B-00C04F79EFBC}") = "StrategyPattern", "StrategyPattern\StrategyPattern.csproj", "{73C7C512-BE2A-4872-BD13-48AF4BEF91E7}"
EndProject
Project("{FAE04EC0-301F-11D3-BF4B-00C04F79EFBC}") = "SingletonPattern", "SingletonPattern\SingletonPattern.csproj", "{2CDEBF3F-9C45-488C-B32A-D7CB02D7DFF0}"
EndProject
Global
	GlobalSection(SolutionConfigurationPlatforms) = preSolution
		Debug|Any CPU = Debug|Any CPU
		Release|Any CPU = Release|Any CPU
	EndGlobalSection
	GlobalSection(ProjectConfigurationPlatforms) = postSolution
		{73C7C512-BE2A-4872-BD13-48AF4BEF91E7}.Debug|Any CPU.ActiveCfg = Debug|Any CPU
		{73C7C512-BE2A-4872-BD13-48AF4BEF91E7}.Debug|Any CPU.Build.0 = Debug|Any CPU
		{73C7C512-BE2A-4872-BD13-48AF4BEF91E7}.Release|Any CPU.ActiveCfg = Release|Any CPU
		{73C7C512-BE2A-4872-BD13-48AF4BEF91E7}.Release|Any CPU.Build.0 = Release|Any CPU
		{2CDEBF3F-9C45-488C-B32A-D7CB02D7DFF0}.Debug|Any CPU.ActiveCfg = Debug|Any CPU
		{2CDEBF3F-9C45-488C-B32A-D7CB02D7DFF0}.Debug|Any CPU.Build.0 = Debug|Any CPU
		{2CDEBF3F-9C45-488C-B32A-D7CB02D7DFF0}.Release|Any CPU.ActiveCfg = Release|Any CPU
		{2CDEBF3F-9C45-488C-B32A-D7CB02D7DFF0}.Release|Any CPU.Build.0 = Release|Any CPU
	EndGlobalSection
EndGlobal
